
Microsoft Visual Studio Solution File, Format Version 12.00
# Visual Studio Version 17
VisualStudioVersion = 17.2.32526.322
MinimumVisualStudioVersion = 10.0.40219.1
Project("{FAE04EC0-301F-11D3-BF4B-00C04F79EFBC}") = "TwitR", "TwitR\TwitR.csproj", "{2E2C0DC5-F09D-49DC-A4F8-C3DCB78677CA}"
EndProject
Global
	GlobalSection(SolutionConfigurationPlatforms) = preSolution
		Debug|Any CPU = Debug|Any CPU
		Release|Any CPU = Release|Any CPU
	EndGlobalSection
	GlobalSection(ProjectConfigurationPlatforms) = postSolution
		{2E2C0DC5-F09D-49DC-A4F8-C3DCB78677CA}.Debug|Any CPU.ActiveCfg = Debug|Any CPU
		{2E2C0DC5-F09D-49DC-A4F8-C3DCB78677CA}.Debug|Any CPU.Build.0 = Debug|Any CPU
		{2E2C0DC5-F09D-49DC-A4F8-C3DCB78677CA}.Release|Any CPU.ActiveCfg = Release|Any CPU
		{2E2C0DC5-F09D-49DC-A4F8-C3DCB78677CA}.Release|Any CPU.Build.0 = Release|Any CPU
	EndGlobalSection
	GlobalSection(SolutionProperties) = preSolution
		HideSolutionNode = FALSE
	EndGlobalSection
	GlobalSection(ExtensibilityGlobals) = postSolution
		SolutionGuid = {9A1FF0F9-4893-4028-A836-D62996759866}
	EndGlobalSection
EndGlobal
